
Microsoft Visual Studio Solution File, Format Version 12.00
# Visual Studio 15
VisualStudioVersion = 15.0.26430.15
MinimumVisualStudioVersion = 10.0.40219.1
Project("{FAE04EC0-301F-11D3-BF4B-00C04F79EFBC}") = "GetAllFilesWithoutRecursion", "GetAllFilesWithoutRecursion\GetAllFilesWithoutRecursion.csproj", "{3B144605-BEC3-4632-B2B6-8C9C078606B7}"
EndProject
Project("{FAE04EC0-301F-11D3-BF4B-00C04F79EFBC}") = "PiCalc", "PiCalc\PiCalc.csproj", "{F362C66B-CACB-4151-80DD-0D3DB8AA0C31}"
EndProject
Project("{FAE04EC0-301F-11D3-BF4B-00C04F79EFBC}") = "RegexDateTime", "RegexDateTime\RegexDateTime.csproj", "{6728C8A1-4989-4C97-9A1A-7F8E7FFCADD5}"
EndProject
Project("{FAE04EC0-301F-11D3-BF4B-00C04F79EFBC}") = "RoundButton", "RoundButton\RoundButton.csproj", "{41E33C61-AB1E-43FE-A07F-C60EF76401FA}"
EndProject
Project("{FAE04EC0-301F-11D3-BF4B-00C04F79EFBC}") = "IdleTimer", "IdleTimer\IdleTimer.csproj", "{84EB7D95-9D8D-4031-8485-A54BECE25C52}"
EndProject
Project("{FAE04EC0-301F-11D3-BF4B-00C04F79EFBC}") = "InterpolatedStrings", "InterpolatedStrings\InterpolatedStrings.csproj", "{483A1C5E-6CCA-4827-89DC-0BE2FECB7872}"
EndProject
Global
	GlobalSection(SolutionConfigurationPlatforms) = preSolution
		Debug|Any CPU = Debug|Any CPU
		Release|Any CPU = Release|Any CPU
	EndGlobalSection
	GlobalSection(ProjectConfigurationPlatforms) = postSolution
		{3B144605-BEC3-4632-B2B6-8C9C078606B7}.Debug|Any CPU.ActiveCfg = Debug|Any CPU
		{3B144605-BEC3-4632-B2B6-8C9C078606B7}.Debug|Any CPU.Build.0 = Debug|Any CPU
		{3B144605-BEC3-4632-B2B6-8C9C078606B7}.Release|Any CPU.ActiveCfg = Release|Any CPU
		{3B144605-BEC3-4632-B2B6-8C9C078606B7}.Release|Any CPU.Build.0 = Release|Any CPU
		{F362C66B-CACB-4151-80DD-0D3DB8AA0C31}.Debug|Any CPU.ActiveCfg = Debug|Any CPU
		{F362C66B-CACB-4151-80DD-0D3DB8AA0C31}.Debug|Any CPU.Build.0 = Debug|Any CPU
		{F362C66B-CACB-4151-80DD-0D3DB8AA0C31}.Release|Any CPU.ActiveCfg = Release|Any CPU
		{F362C66B-CACB-4151-80DD-0D3DB8AA0C31}.Release|Any CPU.Build.0 = Release|Any CPU
		{6728C8A1-4989-4C97-9A1A-7F8E7FFCADD5}.Debug|Any CPU.ActiveCfg = Debug|Any CPU
		{6728C8A1-4989-4C97-9A1A-7F8E7FFCADD5}.Debug|Any CPU.Build.0 = Debug|Any CPU
		{6728C8A1-4989-4C97-9A1A-7F8E7FFCADD5}.Release|Any CPU.ActiveCfg = Release|Any CPU
		{6728C8A1-4989-4C97-9A1A-7F8E7FFCADD5}.Release|Any CPU.Build.0 = Release|Any CPU
		{41E33C61-AB1E-43FE-A07F-C60EF76401FA}.Debug|Any CPU.ActiveCfg = Debug|Any CPU
		{41E33C61-AB1E-43FE-A07F-C60EF76401FA}.Debug|Any CPU.Build.0 = Debug|Any CPU
		{41E33C61-AB1E-43FE-A07F-C60EF76401FA}.Release|Any CPU.ActiveCfg = Release|Any CPU
		{41E33C61-AB1E-43FE-A07F-C60EF76401FA}.Release|Any CPU.Build.0 = Release|Any CPU
		{84EB7D95-9D8D-4031-8485-A54BECE25C52}.Debug|Any CPU.ActiveCfg = Debug|Any CPU
		{84EB7D95-9D8D-4031-8485-A54BECE25C52}.Debug|Any CPU.Build.0 = Debug|Any CPU
		{84EB7D95-9D8D-4031-8485-A54BECE25C52}.Release|Any CPU.ActiveCfg = Release|Any CPU
		{84EB7D95-9D8D-4031-8485-A54BECE25C52}.Release|Any CPU.Build.0 = Release|Any CPU
		{483A1C5E-6CCA-4827-89DC-0BE2FECB7872}.Debug|Any CPU.ActiveCfg = Debug|Any CPU
		{483A1C5E-6CCA-4827-89DC-0BE2FECB7872}.Debug|Any CPU.Build.0 = Debug|Any CPU
		{483A1C5E-6CCA-4827-89DC-0BE2FECB7872}.Release|Any CPU.ActiveCfg = Release|Any CPU
		{483A1C5E-6CCA-4827-89DC-0BE2FECB7872}.Release|Any CPU.Build.0 = Release|Any CPU
	EndGlobalSection
	GlobalSection(SolutionProperties) = preSolution
		HideSolutionNode = FALSE
	EndGlobalSection
EndGlobal
